// !$*UTF8*$!
{
	archiveVersion = 1;
	classes = {
	};
	objectVersion = 50;
	objects = {

/* Begin PBXBuildFile section */
		086FC37120836A4700C40A83 /* AppDelegate.swift in Sources */ = {isa = PBXBuildFile; fileRef = 086FC37020836A4700C40A83 /* AppDelegate.swift */; };
		086FC37320836A4700C40A83 /* ViewController.swift in Sources */ = {isa = PBXBuildFile; fileRef = 086FC37220836A4700C40A83 /* ViewController.swift */; };
		086FC37620836A4700C40A83 /* Main.storyboard in Resources */ = {isa = PBXBuildFile; fileRef = 086FC37420836A4700C40A83 /* Main.storyboard */; };
		086FC37820836A4900C40A83 /* Assets.xcassets in Resources */ = {isa = PBXBuildFile; fileRef = 086FC37720836A4900C40A83 /* Assets.xcassets */; };
		086FC37B20836A4900C40A83 /* LaunchScreen.storyboard in Resources */ = {isa = PBXBuildFile; fileRef = 086FC37920836A4900C40A83 /* LaunchScreen.storyboard */; };
		086FC38320836F7300C40A83 /* ExtensionVision.swift in Sources */ = {isa = PBXBuildFile; fileRef = 086FC38220836F7300C40A83 /* ExtensionVision.swift */; };
/* End PBXBuildFile section */

/* Begin PBXFileReference section */
		086FC36D20836A4700C40A83 /* FaceVision.app */ = {isa = PBXFileReference; explicitFileType = wrapper.application; includeInIndex = 0; path = FaceVision.app; sourceTree = BUILT_PRODUCTS_DIR; };
		086FC37020836A4700C40A83 /* AppDelegate.swift */ = {isa = PBXFileReference; lastKnownFileType = sourcecode.swift; path = AppDelegate.swift; sourceTree = "<group>"; };
		086FC37220836A4700C40A83 /* ViewController.swift */ = {isa = PBXFileReference; lastKnownFileType = sourcecode.swift; path = ViewController.swift; sourceTree = "<group>"; };
		086FC37520836A4700C40A83 /* Base */ = {isa = PBXFileReference; lastKnownFileType = file.storyboard; name = Base; path = Base.lproj/Main.storyboard; sourceTree = "<group>"; };
		086FC37720836A4900C40A83 /* Assets.xcassets */ = {isa = PBXFileReference; lastKnownFileType = folder.assetcatalog; path = Assets.xcassets; sourceTree = "<group>"; };
		086FC37A20836A4900C40A83 /* Base */ = {isa = PBXFileReference; lastKnownFileType = file.storyboard; name = Base; path = Base.lproj/LaunchScreen.storyboard; sourceTree = "<group>"; };
		086FC37C20836A4900C40A83 /* Info.plist */ = {isa = PBXFileReference; lastKnownFileType = text.plist.xml; path = Info.plist; sourceTree = "<group>"; };
		086FC38220836F7300C40A83 /* ExtensionVision.swift */ = {isa = PBXFileReference; lastKnownFileType = sourcecode.swift; path = ExtensionVision.swift; sourceTree = "<group>"; };
/* End PBXFileReference section */

/* Begin PBXFrameworksBuildPhase section */
		086FC36A20836A4700C40A83 /* Frameworks */ = {
			isa = PBXFrameworksBuildPhase;
			buildActionMask = 2147483647;
			files = (
			);
			runOnlyForDeploymentPostprocessing = 0;
		};
/* End PBXFrameworksBuildPhase section */

/* Begin PBXGroup section */
		086FC36420836A4700C40A83 = {
			isa = PBXGroup;
			children = (
				086FC36F20836A4700C40A83 /* FaceVision */,
				086FC36E20836A4700C40A83 /* Products */,
			);
			sourceTree = "<group>";
		};
		086FC36E20836A4700C40A83 /* Products */ = {
			isa = PBXGroup;
			children = (
				086FC36D20836A4700C40A83 /* FaceVision.app */,
			);
			name = Products;
			sourceTree = "<group>";
		};
		086FC36F20836A4700C40A83 /* FaceVision */ = {
			isa = PBXGroup;
			children = (
				086FC37020836A4700C40A83 /* AppDelegate.swift */,
				086FC37220836A4700C40A83 /* ViewController.swift */,
				086FC37420836A4700C40A83 /* Main.storyboard */,
				086FC37720836A4900C40A83 /* Assets.xcassets */,
				086FC37920836A4900C40A83 /* LaunchScreen.storyboard */,
				086FC37C20836A4900C40A83 /* Info.plist */,
				086FC38220836F7300C40A83 /* ExtensionVision.swift */,
			);
			path = FaceVision;
			sourceTree = "<group>";
		};
/* End PBXGroup section */

/* Begin PBXNativeTarget section */
		086FC36C20836A4700C40A83 /* FaceVision */ = {
			isa = PBXNativeTarget;
			buildConfigurationList = 086FC37F20836A4900C40A83 /* Build configuration list for PBXNativeTarget "FaceVision" */;
			buildPhases = (
				086FC36920836A4700C40A83 /* Sources */,
				086FC36A20836A4700C40A83 /* Frameworks */,
				086FC36B20836A4700C40A83 /* Resources */,
			);
			buildRules = (
			);
			dependencies = (
			);
			name = FaceVision;
			productName = FaceVision;
			productReference = 086FC36D20836A4700C40A83 /* FaceVision.app */;
			productType = "com.apple.product-type.application";
		};
/* End PBXNativeTarget section */

/* Begin PBXProject section */
		086FC36520836A4700C40A83 /* Project object */ = {
			isa = PBXProject;
			attributes = {
				LastSwiftUpdateCheck = 0930;
				LastUpgradeCheck = 0930;
				ORGANIZATIONNAME = "Matthieu PASSEREL";
				TargetAttributes = {
					086FC36C20836A4700C40A83 = {
						CreatedOnToolsVersion = 9.3;
					};
				};
			};
			buildConfigurationList = 086FC36820836A4700C40A83 /* Build configuration list for PBXProject "FaceVision" */;
			compatibilityVersion = "Xcode 9.3";
			developmentRegion = en;
			hasScannedForEncodings = 0;
			knownRegions = (
				en,
				Base,
			);
			mainGroup = 086FC36420836A4700C40A83;
			productRefGroup = 086FC36E20836A4700C40A83 /* Products */;
			projectDirPath = "";
			projectRoot = "";
			targets = (
				086FC36C20836A4700C40A83 /* FaceVision */,
			);
		};
/* End PBXProject section */

/* Begin PBXResourcesBuildPhase section */
		086FC36B20836A4700C40A83 /* Resources */ = {
			isa = PBXResourcesBuildPhase;
			buildActionMask = 2147483647;
			files = (
				086FC37B20836A4900C40A83 /* LaunchScreen.storyboard in Resources */,
				086FC37820836A4900C40A83 /* Assets.xcassets in Resources */,
				086FC37620836A4700C40A83 /* Main.storyboard in Resources */,
			);
			runOnlyForDeploymentPostprocessing = 0;
		};
/* End PBXResourcesBuildPhase section */

/* Begin PBXSourcesBuildPhase section */
		086FC36920836A4700C40A83 /* Sources */ = {
			isa = PBXSourcesBuildPhase;
			buildActionMask = 2147483647;
			files = (
				086FC38320836F7300C40A83 /* ExtensionVision.swift in Sources */,
				086FC37320836A4700C40A83 /* ViewController.swift in Sources */,
				086FC37120836A4700C40A83 /* AppDelegate.swift in Sources */,
			);
			runOnlyForDeploymentPostprocessing = 0;
		};
/* End PBXSourcesBuildPhase section */

/* Begin PBXVariantGroup section */
		086FC37420836A4700C40A83 /* Main.storyboard */ = {
			isa = PBXVariantGroup;
			children = (
				086FC37520836A4700C40A83 /* Base */,
			);
			name = Main.storyboard;
			sourceTree = "<group>";
		};
		086FC37920836A4900C40A83 /* LaunchScreen.storyboard */ = {
			isa = PBXVariantGroup;
			children = (
				086FC37A20836A4900C40A83 /* Base */,
			);
			name = LaunchScreen.storyboard;
			sourceTree = "<group>";
		};
/* End PBXVariantGroup section */

/* Begin XCBuildConfiguration section */
		086FC37D20836A4900C40A83 /* Debug */ = {
			isa = XCBuildConfiguration;
			buildSettings = {
				ALWAYS_SEARCH_USER_PATHS = NO;
				CLANG_ANALYZER_NONNULL = YES;
				CLANG_ANALYZER_NUMBER_OBJECT_CONVERSION = YES_AGGRESSIVE;
				CLANG_CXX_LANGUAGE_STANDARD = "gnu++14";
				CLANG_CXX_LIBRARY = "libc++";
				CLANG_ENABLE_MODULES = YES;
				CLANG_ENABLE_OBJC_ARC = YES;
				CLANG_ENABLE_OBJC_WEAK = YES;
				CLANG_WARN_BLOCK_CAPTURE_AUTORELEASING = YES;
				CLANG_WARN_BOOL_CONVERSION = YES;
				CLANG_WARN_COMMA = YES;
				CLANG_WARN_CONSTANT_CONVERSION = YES;
				CLANG_WARN_DEPRECATED_OBJC_IMPLEMENTATIONS = YES;
				CLANG_WARN_DIRECT_OBJC_ISA_USAGE = YES_ERROR;
				CLANG_WARN_DOCUMENTATION_COMMENTS = YES;
				CLANG_WARN_EMPTY_BODY = YES;
				CLANG_WARN_ENUM_CONVERSION = YES;
				CLANG_WARN_INFINITE_RECURSION = YES;
				CLANG_WARN_INT_CONVERSION = YES;
				CLANG_WARN_NON_LITERAL_NULL_CONVERSION = YES;
				CLANG_WARN_OBJC_IMPLICIT_RETAIN_SELF = YES;
				CLANG_WARN_OBJC_LITERAL_CONVERSION = YES;
				CLANG_WARN_OBJC_ROOT_CLASS = YES_ERROR;
				CLANG_WARN_RANGE_LOOP_ANALYSIS = YES;
				CLANG_WARN_STRICT_PROTOTYPES = YES;
				CLANG_WARN_SUSPICIOUS_MOVE = YES;
				CLANG_WARN_UNGUARDED_AVAILABILITY = YES_AGGRESSIVE;
				CLANG_WARN_UNREACHABLE_CODE = YES;
				CLANG_WARN__DUPLICATE_METHOD_MATCH = YES;
				CODE_SIGN_IDENTITY = "iPhone Developer";
				COPY_PHASE_STRIP = NO;
				DEBUG_INFORMATION_FORMAT = dwarf;
				ENABLE_STRICT_OBJC_MSGSEND = YES;
				ENABLE_TESTABILITY = YES;
				GCC_C_LANGUAGE_STANDARD = gnu11;
				GCC_DYNAMIC_NO_PIC = NO;
				GCC_NO_COMMON_BLOCKS = YES;
				GCC_OPTIMIZATION_LEVEL = 0;
				GCC_PREPROCESSOR_DEFINITIONS = (
					"DEBUG=1",
					"$(inherited)",
				);
				GCC_WARN_64_TO_32_BIT_CONVERSION = YES;
				GCC_WARN_ABOUT_RETURN_TYPE = YES_ERROR;
				GCC_WARN_UNDECLARED_SELECTOR = YES;
				GCC_WARN_UNINITIALIZED_AUTOS = YES_AGGRESSIVE;
				GCC_WARN_UNUSED_FUNCTION = YES;
				GCC_WARN_UNUSED_VARIABLE = YES;
				IPHONEOS_DEPLOYMENT_TARGET = 11.3;
				MTL_ENABLE_DEBUG_INFO = YES;
				ONLY_ACTIVE_ARCH = YES;
				SDKROOT = iphoneos;
				SWIFT_ACTIVE_COMPILATION_CONDITIONS = DEBUG;
				SWIFT_OPTIMIZATION_LEVEL = "-Onone";
			};
			name = Debug;
		};
		086FC37E20836A4900C40A83 /* Release */ = {
			isa = XCBuildConfiguration;
			buildSettings = {
				ALWAYS_SEARCH_USER_PATHS = NO;
				CLANG_ANALYZER_NONNULL = YES;
				CLANG_ANALYZER_NUMBER_OBJECT_CONVERSION = YES_AGGRESSIVE;
				CLANG_CXX_LANGUAGE_STANDARD = "gnu++14";
				CLANG_CXX_LIBRARY = "libc++";
				CLANG_ENABLE_MODULES = YES;
				CLANG_ENABLE_OBJC_ARC = YES;
				CLANG_ENABLE_OBJC_WEAK = YES;
				CLANG_WARN_BLOCK_CAPTURE_AUTORELEASING = YES;
				CLANG_WARN_BOOL_CONVERSION = YES;
				CLANG_WARN_COMMA = YES;
				CLANG_WARN_CONSTANT_CONVERSION = YES;
				CLANG_WARN_DEPRECATED_OBJC_IMPLEMENTATIONS = YES;
				CLANG_WARN_DIRECT_OBJC_ISA_USAGE = YES_ERROR;
				CLANG_WARN_DOCUMENTATION_COMMENTS = YES;
				CLANG_WARN_EMPTY_BODY = YES;
				CLANG_WARN_ENUM_CONVERSION = YES;
				CLANG_WARN_INFINITE_RECURSION = YES;
				CLANG_WARN_INT_CONVERSION = YES;
				CLANG_WARN_NON_LITERAL_NULL_CONVERSION = YES;
				CLANG_WARN_OBJC_IMPLICIT_RETAIN_SELF = YES;
				CLANG_WARN_OBJC_LITERAL_CONVERSION = YES;
				CLANG_WARN_OBJC_ROOT_CLASS = YES_ERROR;
				CLANG_WARN_RANGE_LOOP_ANALYSIS = YES;
				CLANG_WARN_STRICT_PROTOTYPES = YES;
				CLANG_WARN_SUSPICIOUS_MOVE = YES;
				CLANG_WARN_UNGUARDED_AVAILABILITY = YES_AGGRESSIVE;
				CLANG_WARN_UNREACHABLE_CODE = YES;
				CLANG_WARN__DUPLICATE_METHOD_MATCH = YES;
				CODE_SIGN_IDENTITY = "iPhone Developer";
				COPY_PHASE_STRIP = NO;
				DEBUG_INFORMATION_FORMAT = "dwarf-with-dsym";
				ENABLE_NS_ASSERTIONS = NO;
				ENABLE_STRICT_OBJC_MSGSEND = YES;
				GCC_C_LANGUAGE_STANDARD = gnu11;
				GCC_NO_COMMON_BLOCKS = YES;
				GCC_WARN_64_TO_32_BIT_CONVERSION = YES;
				GCC_WARN_ABOUT_RETURN_TYPE = YES_ERROR;
				GCC_WARN_UNDECLARED_SELECTOR = YES;
				GCC_WARN_UNINITIALIZED_AUTOS = YES_AGGRESSIVE;
				GCC_WARN_UNUSED_FUNCTION = YES;
				GCC_WARN_UNUSED_VARIABLE = YES;
				IPHONEOS_DEPLOYMENT_TARGET = 11.3;
				MTL_ENABLE_DEBUG_INFO = NO;
				SDKROOT = iphoneos;
				SWIFT_COMPILATION_MODE = wholemodule;
				SWIFT_OPTIMIZATION_LEVEL = "-O";
				VALIDATE_PRODUCT = YES;
			};
			name = Release;
		};
		086FC38020836A4900C40A83 /* Debug */ = {
			isa = XCBuildConfiguration;
			buildSettings = {
				ASSETCATALOG_COMPILER_APPICON_NAME = AppIcon;
				CODE_SIGN_STYLE = Automatic;
				DEVELOPMENT_TEAM = Q3T485N255;
				INFOPLIST_FILE = FaceVision/Info.plist;
				LD_RUNPATH_SEARCH_PATHS = (
					"$(inherited)",
					"@executable_path/Frameworks",
				);
				PRODUCT_BUNDLE_IDENTIFIER = com.codabee.FaceVision;
				PRODUCT_NAME = "$(TARGET_NAME)";
				SWIFT_VERSION = 4.0;
				TARGETED_DEVICE_FAMILY = "1,2";
			};
			name = Debug;
		};
		086FC38120836A4900C40A83 /* Release */ = {
			isa = XCBuildConfiguration;
			buildSettings = {
				ASSETCATALOG_COMPILER_APPICON_NAME = AppIcon;
				CODE_SIGN_STYLE = Automatic;
				DEVELOPMENT_TEAM = Q3T485N255;
				INFOPLIST_FILE = FaceVision/Info.plist;
				LD_RUNPATH_SEARCH_PATHS = (
					"$(inherited)",
					"@executable_path/Frameworks",
				);
				PRODUCT_BUNDLE_IDENTIFIER = com.codabee.FaceVision;
				PRODUCT_NAME = "$(TARGET_NAME)";
				SWIFT_VERSION = 4.0;
				TARGETED_DEVICE_FAMILY = "1,2";
			};
			name = Release;
		};
/* End XCBuildConfiguration section */

/* Begin XCConfigurationList section */
		086FC36820836A4700C40A83 /* Build configuration list for PBXProject "FaceVision" */ = {
			isa = XCConfigurationList;
			buildConfigurations = (
				086FC37D20836A4900C40A83 /* Debug */,
				086FC37E20836A4900C40A83 /* Release */,
			);
			defaultConfigurationIsVisible = 0;
			defaultConfigurationName = Release;
		};
		086FC37F20836A4900C40A83 /* Build configuration list for PBXNativeTarget "FaceVision" */ = {
			isa = XCConfigurationList;
			buildConfigurations = (
				086FC38020836A4900C40A83 /* Debug */,
				086FC38120836A4900C40A83 /* Release */,
			);
			defaultConfigurationIsVisible = 0;
			defaultConfigurationName = Release;
		};
/* End XCConfigurationList section */
	};
	rootObject = 086FC36520836A4700C40A83 /* Project object */;
}
